
Microsoft Visual Studio Solution File, Format Version 12.00
# Visual Studio Version 17
VisualStudioVersion = 17.7.34031.279
MinimumVisualStudioVersion = 10.0.40219.1
Project("{9A19103F-16F7-4668-BE54-9A1E7A4F7556}") = "GameOfLifeAPI", "GameOfLifeAPI\GameOfLifeAPI.csproj", "{50187CC8-3B5B-40C6-9B32-D790FAB57ECC}"
EndProject
Project("{FAE04EC0-301F-11D3-BF4B-00C04F79EFBC}") = "GameOfLifeApiTest", "GameOfLifeApiTest\GameOfLifeApiTest.csproj", "{51FDF4C0-A785-493C-8869-A5358F75EC00}"
EndProject
Global
	GlobalSection(SolutionConfigurationPlatforms) = preSolution
		Debug|Any CPU = Debug|Any CPU
		Release|Any CPU = Release|Any CPU
	EndGlobalSection
	GlobalSection(ProjectConfigurationPlatforms) = postSolution
		{50187CC8-3B5B-40C6-9B32-D790FAB57ECC}.Debug|Any CPU.ActiveCfg = Debug|Any CPU
		{50187CC8-3B5B-40C6-9B32-D790FAB57ECC}.Debug|Any CPU.Build.0 = Debug|Any CPU
		{50187CC8-3B5B-40C6-9B32-D790FAB57ECC}.Release|Any CPU.ActiveCfg = Release|Any CPU
		{50187CC8-3B5B-40C6-9B32-D790FAB57ECC}.Release|Any CPU.Build.0 = Release|Any CPU
		{51FDF4C0-A785-493C-8869-A5358F75EC00}.Debug|Any CPU.ActiveCfg = Debug|Any CPU
		{51FDF4C0-A785-493C-8869-A5358F75EC00}.Debug|Any CPU.Build.0 = Debug|Any CPU
		{51FDF4C0-A785-493C-8869-A5358F75EC00}.Release|Any CPU.ActiveCfg = Release|Any CPU
		{51FDF4C0-A785-493C-8869-A5358F75EC00}.Release|Any CPU.Build.0 = Release|Any CPU
	EndGlobalSection
	GlobalSection(SolutionProperties) = preSolution
		HideSolutionNode = FALSE
	EndGlobalSection
	GlobalSection(ExtensibilityGlobals) = postSolution
		SolutionGuid = {419F1767-00B3-4509-8CF3-7D823FDBCBBB}
	EndGlobalSection
EndGlobal
